
Microsoft Visual Studio Solution File, Format Version 12.00
#
Project("{FAE04EC0-301F-11D3-BF4B-00C04F79EFBC}") = "Project", "Project\Project.csproj", "{910AD749-E1B4-43F9-B125-2250BDCC0377}"
EndProject
Project("{FAE04EC0-301F-11D3-BF4B-00C04F79EFBC}") = "Project.Tests", "Project.Tests\Project.Tests.csproj", "{8F04A6BF-302D-4844-B311-1044DE3340BA}"
EndProject
Global
	GlobalSection(SolutionConfigurationPlatforms) = preSolution
		Debug|Any CPU = Debug|Any CPU
		Release|Any CPU = Release|Any CPU
	EndGlobalSection
	GlobalSection(ProjectConfigurationPlatforms) = postSolution
		{910AD749-E1B4-43F9-B125-2250BDCC0377}.Debug|Any CPU.ActiveCfg = Debug|Any CPU
		{910AD749-E1B4-43F9-B125-2250BDCC0377}.Debug|Any CPU.Build.0 = Debug|Any CPU
		{910AD749-E1B4-43F9-B125-2250BDCC0377}.Release|Any CPU.ActiveCfg = Release|Any CPU
		{910AD749-E1B4-43F9-B125-2250BDCC0377}.Release|Any CPU.Build.0 = Release|Any CPU
		{8F04A6BF-302D-4844-B311-1044DE3340BA}.Debug|Any CPU.ActiveCfg = Debug|Any CPU
		{8F04A6BF-302D-4844-B311-1044DE3340BA}.Debug|Any CPU.Build.0 = Debug|Any CPU
		{8F04A6BF-302D-4844-B311-1044DE3340BA}.Release|Any CPU.ActiveCfg = Release|Any CPU
		{8F04A6BF-302D-4844-B311-1044DE3340BA}.Release|Any CPU.Build.0 = Release|Any CPU
	EndGlobalSection
EndGlobal
